{
  "name": "musicplayerv2",
  "version": "1.0.0",
  "lockfileVersion": 1,
  "requires": true,
  "dependencies": {
    "@types/howler": {
      "version": "2.0.5",
      "resolved": "https://registry.npmjs.org/@types/howler/-/howler-2.0.5.tgz",
      "integrity": "sha512-4zO47MpD8ztLGK1Q3DsVMxP5q1yIGRS+vtLqXuVGXHdiDkD/IvYM2vBByuX4eMW4fmLk5SWQpd6FFL2jvJkItw=="
    },
    "@types/jquery": {
      "version": "3.3.6",
      "resolved": "https://registry.npmjs.org/@types/jquery/-/jquery-3.3.6.tgz",
      "integrity": "sha512-403D4wN95Mtzt2EoQHARf5oe/jEPhzBOBNrunk+ydQGW8WmkQ/E8rViRAEB1qEt/vssfGfNVD6ujP4FVeegrLg=="
    },
    "@types/perfect-scrollbar": {
      "version": "1.3.0",
      "resolved": "https://registry.npmjs.org/@types/perfect-scrollbar/-/perfect-scrollbar-1.3.0.tgz",
      "integrity": "sha512-pyHgZJMMo0vUMrI3xIQPeG1fJ52OAZdvph8RbUQNAguJhI/67cS1Jo0zkMsR4DFwohcV4KPFfdeCEp55T4a21A==",
      "requires": {
        "perfect-scrollbar": "1.4.0"
      }
    },
    "@types/requirejs": {
      "version": "2.1.31",
      "resolved": "https://registry.npmjs.org/@types/requirejs/-/requirejs-2.1.31.tgz",
      "integrity": "sha512-b2soeyuU76rMbcRJ4e0hEl0tbMhFwZeTC0VZnfuWlfGlk6BwWNsev6kFu/twKABPX29wkX84wU2o+cEJoXsiTw=="
    },
    "@types/vue": {
      "version": "2.0.0",
      "resolved": "https://registry.npmjs.org/@types/vue/-/vue-2.0.0.tgz",
      "integrity": "sha1-7Hez2JWR3rnKXLBSNoqpwyvgiOc=",
      "requires": {
        "vue": "2.5.17"
      }
    },
    "perfect-scrollbar": {
      "version": "1.4.0",
      "resolved": "https://registry.npmjs.org/perfect-scrollbar/-/perfect-scrollbar-1.4.0.tgz",
      "integrity": "sha512-/2Sk/khljhdrsamjJYS5NjrH+GKEHEwh7zFSiYyxROyYKagkE4kSn2zDQDRTOMo8mpT2jikxx6yI1dG7lNP/hw=="
    },
    "vue": {
      "version": "2.5.17",
      "resolved": "https://registry.npmjs.org/vue/-/vue-2.5.17.tgz",
      "integrity": "sha512-mFbcWoDIJi0w0Za4emyLiW72Jae0yjANHbCVquMKijcavBGypqlF7zHRgMa5k4sesdv7hv2rB4JPdZfR+TPfhQ=="
    }
  }
}
